
Microsoft Visual Studio Solution File, Format Version 12.00
# Visual Studio Version 16
VisualStudioVersion = 16.0.30320.27
MinimumVisualStudioVersion = 10.0.40219.1
Project("{2150E333-8FDC-42A3-9474-1A3956D46DE8}") = "BuildingBlocks", "BuildingBlocks", "{FF842C74-9CB7-4EDC-BA25-EC9EFA8B1637}"
EndProject
Project("{2150E333-8FDC-42A3-9474-1A3956D46DE8}") = "Services", "Services", "{C536A9AE-D186-4F6D-AA02-20F0081832C0}"
EndProject
Project("{2150E333-8FDC-42A3-9474-1A3956D46DE8}") = "Web Apps", "Web Apps", "{BCAB463A-46D4-41FE-BA04-0E53EBE9C1F8}"
EndProject
Project("{FAE04EC0-301F-11D3-BF4B-00C04F79EFBC}") = "SeedWork", "SeedWork\SeedWork.csproj", "{06F9FC58-84B2-43E7-A8BE-B4041F22F47E}"
EndProject
Project("{2150E333-8FDC-42A3-9474-1A3956D46DE8}") = "Hotel", "Hotel", "{3D3CF3E8-9DBE-42EF-82C5-4537624A5512}"
EndProject
Project("{FAE04EC0-301F-11D3-BF4B-00C04F79EFBC}") = "Hotel.Api", "Hotel.Api\Hotel.Api.csproj", "{6107C21D-206F-4165-B462-D86468B341E3}"
EndProject
Project("{FAE04EC0-301F-11D3-BF4B-00C04F79EFBC}") = "Hotel.Application", "Hotel.Application\Hotel.Application.csproj", "{96F1F286-49BE-41E0-9BA6-BDC4489E94FD}"
EndProject
Project("{FAE04EC0-301F-11D3-BF4B-00C04F79EFBC}") = "Hotel.Domain", "Hotel.Domain\Hotel.Domain.csproj", "{65795A8D-7D2D-4BAE-8E47-A1BDF599737E}"
EndProject
Project("{FAE04EC0-301F-11D3-BF4B-00C04F79EFBC}") = "Hotel.Infrastructure", "Hotel.Infrastructure\Hotel.Infrastructure.csproj", "{853DB351-FFF5-4E18-9CE2-7E51D8CE38CC}"
EndProject
Project("{FAE04EC0-301F-11D3-BF4B-00C04F79EFBC}") = "EventBus", "EventBus\EventBus.csproj", "{3174FFB0-6698-4192-B24E-EA8FFF3C2FD8}"
EndProject
Project("{2150E333-8FDC-42A3-9474-1A3956D46DE8}") = "tests", "tests", "{B133D3AB-40F7-433E-8F2D-FB9DCE30E992}"
EndProject
Project("{FAE04EC0-301F-11D3-BF4B-00C04F79EFBC}") = "Hotel.UnitTesting", "Hotel.UnitTesting\Hotel.UnitTesting.csproj", "{5287C125-638D-43AE-BD7F-2E02C72087B3}"
EndProject
Global
	GlobalSection(SolutionConfigurationPlatforms) = preSolution
		Debug|Any CPU = Debug|Any CPU
		Release|Any CPU = Release|Any CPU
	EndGlobalSection
	GlobalSection(ProjectConfigurationPlatforms) = postSolution
		{06F9FC58-84B2-43E7-A8BE-B4041F22F47E}.Debug|Any CPU.ActiveCfg = Debug|Any CPU
		{06F9FC58-84B2-43E7-A8BE-B4041F22F47E}.Debug|Any CPU.Build.0 = Debug|Any CPU
		{06F9FC58-84B2-43E7-A8BE-B4041F22F47E}.Release|Any CPU.ActiveCfg = Release|Any CPU
		{06F9FC58-84B2-43E7-A8BE-B4041F22F47E}.Release|Any CPU.Build.0 = Release|Any CPU
		{6107C21D-206F-4165-B462-D86468B341E3}.Debug|Any CPU.ActiveCfg = Debug|Any CPU
		{6107C21D-206F-4165-B462-D86468B341E3}.Debug|Any CPU.Build.0 = Debug|Any CPU
		{6107C21D-206F-4165-B462-D86468B341E3}.Release|Any CPU.ActiveCfg = Release|Any CPU
		{6107C21D-206F-4165-B462-D86468B341E3}.Release|Any CPU.Build.0 = Release|Any CPU
		{96F1F286-49BE-41E0-9BA6-BDC4489E94FD}.Debug|Any CPU.ActiveCfg = Debug|Any CPU
		{96F1F286-49BE-41E0-9BA6-BDC4489E94FD}.Debug|Any CPU.Build.0 = Debug|Any CPU
		{96F1F286-49BE-41E0-9BA6-BDC4489E94FD}.Release|Any CPU.ActiveCfg = Release|Any CPU
		{96F1F286-49BE-41E0-9BA6-BDC4489E94FD}.Release|Any CPU.Build.0 = Release|Any CPU
		{65795A8D-7D2D-4BAE-8E47-A1BDF599737E}.Debug|Any CPU.ActiveCfg = Debug|Any CPU
		{65795A8D-7D2D-4BAE-8E47-A1BDF599737E}.Debug|Any CPU.Build.0 = Debug|Any CPU
		{65795A8D-7D2D-4BAE-8E47-A1BDF599737E}.Release|Any CPU.ActiveCfg = Release|Any CPU
		{65795A8D-7D2D-4BAE-8E47-A1BDF599737E}.Release|Any CPU.Build.0 = Release|Any CPU
		{853DB351-FFF5-4E18-9CE2-7E51D8CE38CC}.Debug|Any CPU.ActiveCfg = Debug|Any CPU
		{853DB351-FFF5-4E18-9CE2-7E51D8CE38CC}.Debug|Any CPU.Build.0 = Debug|Any CPU
		{853DB351-FFF5-4E18-9CE2-7E51D8CE38CC}.Release|Any CPU.ActiveCfg = Release|Any CPU
		{853DB351-FFF5-4E18-9CE2-7E51D8CE38CC}.Release|Any CPU.Build.0 = Release|Any CPU
		{3174FFB0-6698-4192-B24E-EA8FFF3C2FD8}.Debug|Any CPU.ActiveCfg = Debug|Any CPU
		{3174FFB0-6698-4192-B24E-EA8FFF3C2FD8}.Debug|Any CPU.Build.0 = Debug|Any CPU
		{3174FFB0-6698-4192-B24E-EA8FFF3C2FD8}.Release|Any CPU.ActiveCfg = Release|Any CPU
		{3174FFB0-6698-4192-B24E-EA8FFF3C2FD8}.Release|Any CPU.Build.0 = Release|Any CPU
		{5287C125-638D-43AE-BD7F-2E02C72087B3}.Debug|Any CPU.ActiveCfg = Debug|Any CPU
		{5287C125-638D-43AE-BD7F-2E02C72087B3}.Debug|Any CPU.Build.0 = Debug|Any CPU
		{5287C125-638D-43AE-BD7F-2E02C72087B3}.Release|Any CPU.ActiveCfg = Release|Any CPU
		{5287C125-638D-43AE-BD7F-2E02C72087B3}.Release|Any CPU.Build.0 = Release|Any CPU
	EndGlobalSection
	GlobalSection(SolutionProperties) = preSolution
		HideSolutionNode = FALSE
	EndGlobalSection
	GlobalSection(NestedProjects) = preSolution
		{06F9FC58-84B2-43E7-A8BE-B4041F22F47E} = {FF842C74-9CB7-4EDC-BA25-EC9EFA8B1637}
		{3D3CF3E8-9DBE-42EF-82C5-4537624A5512} = {C536A9AE-D186-4F6D-AA02-20F0081832C0}
		{6107C21D-206F-4165-B462-D86468B341E3} = {3D3CF3E8-9DBE-42EF-82C5-4537624A5512}
		{96F1F286-49BE-41E0-9BA6-BDC4489E94FD} = {3D3CF3E8-9DBE-42EF-82C5-4537624A5512}
		{65795A8D-7D2D-4BAE-8E47-A1BDF599737E} = {3D3CF3E8-9DBE-42EF-82C5-4537624A5512}
		{853DB351-FFF5-4E18-9CE2-7E51D8CE38CC} = {3D3CF3E8-9DBE-42EF-82C5-4537624A5512}
		{3174FFB0-6698-4192-B24E-EA8FFF3C2FD8} = {FF842C74-9CB7-4EDC-BA25-EC9EFA8B1637}
		{B133D3AB-40F7-433E-8F2D-FB9DCE30E992} = {3D3CF3E8-9DBE-42EF-82C5-4537624A5512}
		{5287C125-638D-43AE-BD7F-2E02C72087B3} = {B133D3AB-40F7-433E-8F2D-FB9DCE30E992}
	EndGlobalSection
	GlobalSection(ExtensibilityGlobals) = postSolution
		SolutionGuid = {D805A138-4419-4ED8-A37D-6A35AD470944}
	EndGlobalSection
EndGlobal
