
Microsoft Visual Studio Solution File, Format Version 12.00
# Visual Studio Version 17
VisualStudioVersion = 17.1.32407.343
MinimumVisualStudioVersion = 10.0.40219.1
Project("{2150E333-8FDC-42A3-9474-1A3956D46DE8}") = "BuildingBlocks", "BuildingBlocks", "{FF842C74-9CB7-4EDC-BA25-EC9EFA8B1637}"
EndProject
Project("{2150E333-8FDC-42A3-9474-1A3956D46DE8}") = "Services", "Services", "{C536A9AE-D186-4F6D-AA02-20F0081832C0}"
EndProject
Project("{9A19103F-16F7-4668-BE54-9A1E7A4F7556}") = "SeedWork", "SeedWork\SeedWork.csproj", "{06F9FC58-84B2-43E7-A8BE-B4041F22F47E}"
EndProject
Project("{2150E333-8FDC-42A3-9474-1A3956D46DE8}") = "Hotel", "Hotel", "{3D3CF3E8-9DBE-42EF-82C5-4537624A5512}"
EndProject
Project("{9A19103F-16F7-4668-BE54-9A1E7A4F7556}") = "Hotel.Api", "Hotel.Api\Hotel.Api.csproj", "{6107C21D-206F-4165-B462-D86468B341E3}"
EndProject
Project("{9A19103F-16F7-4668-BE54-9A1E7A4F7556}") = "Hotel.Application", "Hotel.Application\Hotel.Application.csproj", "{96F1F286-49BE-41E0-9BA6-BDC4489E94FD}"
EndProject
Project("{9A19103F-16F7-4668-BE54-9A1E7A4F7556}") = "Hotel.Domain", "Hotel.Domain\Hotel.Domain.csproj", "{65795A8D-7D2D-4BAE-8E47-A1BDF599737E}"
EndProject
Project("{9A19103F-16F7-4668-BE54-9A1E7A4F7556}") = "Hotel.Infrastructure", "Hotel.Infrastructure\Hotel.Infrastructure.csproj", "{853DB351-FFF5-4E18-9CE2-7E51D8CE38CC}"
EndProject
Project("{9A19103F-16F7-4668-BE54-9A1E7A4F7556}") = "EventBus", "EventBus\EventBus.csproj", "{3174FFB0-6698-4192-B24E-EA8FFF3C2FD8}"
EndProject
Project("{2150E333-8FDC-42A3-9474-1A3956D46DE8}") = "tests", "tests", "{B133D3AB-40F7-433E-8F2D-FB9DCE30E992}"
EndProject
Project("{9A19103F-16F7-4668-BE54-9A1E7A4F7556}") = "Hotel.UnitTesting", "Hotel.UnitTesting\Hotel.UnitTesting.csproj", "{5287C125-638D-43AE-BD7F-2E02C72087B3}"
EndProject
Project("{2150E333-8FDC-42A3-9474-1A3956D46DE8}") = "Identity", "Identity", "{ED5E5B88-445D-4828-89BB-53D0263BD58B}"
EndProject
Project("{FAE04EC0-301F-11D3-BF4B-00C04F79EFBC}") = "Identity.Infrastructure", "Identity.Infrastructure\Identity.Infrastructure.csproj", "{174297E5-4A3B-44BD-8D32-2F8BC46BDE4E}"
EndProject
Project("{FAE04EC0-301F-11D3-BF4B-00C04F79EFBC}") = "Identity.Domain", "Identity.Domain\Identity.Domain.csproj", "{C02B291F-3C82-4090-B9DA-74283E779469}"
EndProject
Project("{FAE04EC0-301F-11D3-BF4B-00C04F79EFBC}") = "Identity.Application", "Identity.Application\Identity.Application.csproj", "{CDD3E621-2D88-4770-A6EA-3999E75BF38F}"
EndProject
Project("{FAE04EC0-301F-11D3-BF4B-00C04F79EFBC}") = "Identity.Api", "Identity.Api\Identity.Api.csproj", "{5AF0D6FC-5364-4DA3-A65A-318F413F7314}"
EndProject
Project("{2150E333-8FDC-42A3-9474-1A3956D46DE8}") = "tests", "tests", "{1D955180-2C14-4D70-BCBB-AFC49209220E}"
EndProject
Project("{FAE04EC0-301F-11D3-BF4B-00C04F79EFBC}") = "Identity.UnitTesting", "Identity.UnitTesting\Identity.UnitTesting.csproj", "{40478A75-8F4F-41F6-947A-AEBE43F6D76F}"
EndProject
Global
	GlobalSection(SolutionConfigurationPlatforms) = preSolution
		Debug|Any CPU = Debug|Any CPU
		Release|Any CPU = Release|Any CPU
	EndGlobalSection
	GlobalSection(ProjectConfigurationPlatforms) = postSolution
		{06F9FC58-84B2-43E7-A8BE-B4041F22F47E}.Debug|Any CPU.ActiveCfg = Debug|Any CPU
		{06F9FC58-84B2-43E7-A8BE-B4041F22F47E}.Debug|Any CPU.Build.0 = Debug|Any CPU
		{06F9FC58-84B2-43E7-A8BE-B4041F22F47E}.Release|Any CPU.ActiveCfg = Release|Any CPU
		{06F9FC58-84B2-43E7-A8BE-B4041F22F47E}.Release|Any CPU.Build.0 = Release|Any CPU
		{6107C21D-206F-4165-B462-D86468B341E3}.Debug|Any CPU.ActiveCfg = Debug|Any CPU
		{6107C21D-206F-4165-B462-D86468B341E3}.Debug|Any CPU.Build.0 = Debug|Any CPU
		{6107C21D-206F-4165-B462-D86468B341E3}.Release|Any CPU.ActiveCfg = Release|Any CPU
		{6107C21D-206F-4165-B462-D86468B341E3}.Release|Any CPU.Build.0 = Release|Any CPU
		{96F1F286-49BE-41E0-9BA6-BDC4489E94FD}.Debug|Any CPU.ActiveCfg = Debug|Any CPU
		{96F1F286-49BE-41E0-9BA6-BDC4489E94FD}.Debug|Any CPU.Build.0 = Debug|Any CPU
		{96F1F286-49BE-41E0-9BA6-BDC4489E94FD}.Release|Any CPU.ActiveCfg = Release|Any CPU
		{96F1F286-49BE-41E0-9BA6-BDC4489E94FD}.Release|Any CPU.Build.0 = Release|Any CPU
		{65795A8D-7D2D-4BAE-8E47-A1BDF599737E}.Debug|Any CPU.ActiveCfg = Debug|Any CPU
		{65795A8D-7D2D-4BAE-8E47-A1BDF599737E}.Debug|Any CPU.Build.0 = Debug|Any CPU
		{65795A8D-7D2D-4BAE-8E47-A1BDF599737E}.Release|Any CPU.ActiveCfg = Release|Any CPU
		{65795A8D-7D2D-4BAE-8E47-A1BDF599737E}.Release|Any CPU.Build.0 = Release|Any CPU
		{853DB351-FFF5-4E18-9CE2-7E51D8CE38CC}.Debug|Any CPU.ActiveCfg = Debug|Any CPU
		{853DB351-FFF5-4E18-9CE2-7E51D8CE38CC}.Debug|Any CPU.Build.0 = Debug|Any CPU
		{853DB351-FFF5-4E18-9CE2-7E51D8CE38CC}.Release|Any CPU.ActiveCfg = Release|Any CPU
		{853DB351-FFF5-4E18-9CE2-7E51D8CE38CC}.Release|Any CPU.Build.0 = Release|Any CPU
		{3174FFB0-6698-4192-B24E-EA8FFF3C2FD8}.Debug|Any CPU.ActiveCfg = Debug|Any CPU
		{3174FFB0-6698-4192-B24E-EA8FFF3C2FD8}.Debug|Any CPU.Build.0 = Debug|Any CPU
		{3174FFB0-6698-4192-B24E-EA8FFF3C2FD8}.Release|Any CPU.ActiveCfg = Release|Any CPU
		{3174FFB0-6698-4192-B24E-EA8FFF3C2FD8}.Release|Any CPU.Build.0 = Release|Any CPU
		{5287C125-638D-43AE-BD7F-2E02C72087B3}.Debug|Any CPU.ActiveCfg = Debug|Any CPU
		{5287C125-638D-43AE-BD7F-2E02C72087B3}.Debug|Any CPU.Build.0 = Debug|Any CPU
		{5287C125-638D-43AE-BD7F-2E02C72087B3}.Release|Any CPU.ActiveCfg = Release|Any CPU
		{5287C125-638D-43AE-BD7F-2E02C72087B3}.Release|Any CPU.Build.0 = Release|Any CPU
		{174297E5-4A3B-44BD-8D32-2F8BC46BDE4E}.Debug|Any CPU.ActiveCfg = Debug|Any CPU
		{174297E5-4A3B-44BD-8D32-2F8BC46BDE4E}.Debug|Any CPU.Build.0 = Debug|Any CPU
		{174297E5-4A3B-44BD-8D32-2F8BC46BDE4E}.Release|Any CPU.ActiveCfg = Release|Any CPU
		{174297E5-4A3B-44BD-8D32-2F8BC46BDE4E}.Release|Any CPU.Build.0 = Release|Any CPU
		{C02B291F-3C82-4090-B9DA-74283E779469}.Debug|Any CPU.ActiveCfg = Debug|Any CPU
		{C02B291F-3C82-4090-B9DA-74283E779469}.Debug|Any CPU.Build.0 = Debug|Any CPU
		{C02B291F-3C82-4090-B9DA-74283E779469}.Release|Any CPU.ActiveCfg = Release|Any CPU
		{C02B291F-3C82-4090-B9DA-74283E779469}.Release|Any CPU.Build.0 = Release|Any CPU
		{CDD3E621-2D88-4770-A6EA-3999E75BF38F}.Debug|Any CPU.ActiveCfg = Debug|Any CPU
		{CDD3E621-2D88-4770-A6EA-3999E75BF38F}.Debug|Any CPU.Build.0 = Debug|Any CPU
		{CDD3E621-2D88-4770-A6EA-3999E75BF38F}.Release|Any CPU.ActiveCfg = Release|Any CPU
		{CDD3E621-2D88-4770-A6EA-3999E75BF38F}.Release|Any CPU.Build.0 = Release|Any CPU
		{5AF0D6FC-5364-4DA3-A65A-318F413F7314}.Debug|Any CPU.ActiveCfg = Debug|Any CPU
		{5AF0D6FC-5364-4DA3-A65A-318F413F7314}.Debug|Any CPU.Build.0 = Debug|Any CPU
		{5AF0D6FC-5364-4DA3-A65A-318F413F7314}.Release|Any CPU.ActiveCfg = Release|Any CPU
		{5AF0D6FC-5364-4DA3-A65A-318F413F7314}.Release|Any CPU.Build.0 = Release|Any CPU
		{40478A75-8F4F-41F6-947A-AEBE43F6D76F}.Debug|Any CPU.ActiveCfg = Debug|Any CPU
		{40478A75-8F4F-41F6-947A-AEBE43F6D76F}.Debug|Any CPU.Build.0 = Debug|Any CPU
		{40478A75-8F4F-41F6-947A-AEBE43F6D76F}.Release|Any CPU.ActiveCfg = Release|Any CPU
		{40478A75-8F4F-41F6-947A-AEBE43F6D76F}.Release|Any CPU.Build.0 = Release|Any CPU
	EndGlobalSection
	GlobalSection(SolutionProperties) = preSolution
		HideSolutionNode = FALSE
	EndGlobalSection
	GlobalSection(NestedProjects) = preSolution
		{06F9FC58-84B2-43E7-A8BE-B4041F22F47E} = {FF842C74-9CB7-4EDC-BA25-EC9EFA8B1637}
		{3D3CF3E8-9DBE-42EF-82C5-4537624A5512} = {C536A9AE-D186-4F6D-AA02-20F0081832C0}
		{6107C21D-206F-4165-B462-D86468B341E3} = {3D3CF3E8-9DBE-42EF-82C5-4537624A5512}
		{96F1F286-49BE-41E0-9BA6-BDC4489E94FD} = {3D3CF3E8-9DBE-42EF-82C5-4537624A5512}
		{65795A8D-7D2D-4BAE-8E47-A1BDF599737E} = {3D3CF3E8-9DBE-42EF-82C5-4537624A5512}
		{853DB351-FFF5-4E18-9CE2-7E51D8CE38CC} = {3D3CF3E8-9DBE-42EF-82C5-4537624A5512}
		{3174FFB0-6698-4192-B24E-EA8FFF3C2FD8} = {FF842C74-9CB7-4EDC-BA25-EC9EFA8B1637}
		{B133D3AB-40F7-433E-8F2D-FB9DCE30E992} = {3D3CF3E8-9DBE-42EF-82C5-4537624A5512}
		{5287C125-638D-43AE-BD7F-2E02C72087B3} = {B133D3AB-40F7-433E-8F2D-FB9DCE30E992}
		{ED5E5B88-445D-4828-89BB-53D0263BD58B} = {C536A9AE-D186-4F6D-AA02-20F0081832C0}
		{174297E5-4A3B-44BD-8D32-2F8BC46BDE4E} = {ED5E5B88-445D-4828-89BB-53D0263BD58B}
		{C02B291F-3C82-4090-B9DA-74283E779469} = {ED5E5B88-445D-4828-89BB-53D0263BD58B}
		{CDD3E621-2D88-4770-A6EA-3999E75BF38F} = {ED5E5B88-445D-4828-89BB-53D0263BD58B}
		{5AF0D6FC-5364-4DA3-A65A-318F413F7314} = {ED5E5B88-445D-4828-89BB-53D0263BD58B}
		{1D955180-2C14-4D70-BCBB-AFC49209220E} = {ED5E5B88-445D-4828-89BB-53D0263BD58B}
		{40478A75-8F4F-41F6-947A-AEBE43F6D76F} = {1D955180-2C14-4D70-BCBB-AFC49209220E}
	EndGlobalSection
	GlobalSection(ExtensibilityGlobals) = postSolution
		SolutionGuid = {D805A138-4419-4ED8-A37D-6A35AD470944}
	EndGlobalSection
EndGlobal
